
Microsoft Visual Studio Solution File, Format Version 12.00
# Visual Studio Version 17
VisualStudioVersion = 17.2.32602.215
MinimumVisualStudioVersion = 10.0.40219.1
Project("{9092AA53-FB77-4645-B42D-1CCCA6BD08BD}") = "test2", "test2.njsproj", "{4D3E8050-427D-46D6-B062-E473E6D7A421}"
EndProject
Global
	GlobalSection(SolutionConfigurationPlatforms) = preSolution
		Debug|Any CPU = Debug|Any CPU
		Release|Any CPU = Release|Any CPU
	EndGlobalSection
	GlobalSection(ProjectConfigurationPlatforms) = postSolution
		{4D3E8050-427D-46D6-B062-E473E6D7A421}.Debug|Any CPU.ActiveCfg = Debug|Any CPU
		{4D3E8050-427D-46D6-B062-E473E6D7A421}.Debug|Any CPU.Build.0 = Debug|Any CPU
		{4D3E8050-427D-46D6-B062-E473E6D7A421}.Release|Any CPU.ActiveCfg = Release|Any CPU
		{4D3E8050-427D-46D6-B062-E473E6D7A421}.Release|Any CPU.Build.0 = Release|Any CPU
	EndGlobalSection
	GlobalSection(SolutionProperties) = preSolution
		HideSolutionNode = FALSE
	EndGlobalSection
	GlobalSection(ExtensibilityGlobals) = postSolution
		SolutionGuid = {27587E85-B307-4298-849C-9E3686638BD4}
	EndGlobalSection
EndGlobal
